// !$*UTF8*$!
{
	archiveVersion = 1;
	classes = {
	};
	objectVersion = 50;
	objects = {

/* Begin PBXBuildFile section */
		BB5A3E86223FD707005D7EE4 /* AppDelegate.swift in Sources */ = {isa = PBXBuildFile; fileRef = BB5A3E85223FD707005D7EE4 /* AppDelegate.swift */; };
		BB5A3E88223FD707005D7EE4 /* ViewController.swift in Sources */ = {isa = PBXBuildFile; fileRef = BB5A3E87223FD707005D7EE4 /* ViewController.swift */; };
		BB5A3E8B223FD707005D7EE4 /* Main.storyboard in Resources */ = {isa = PBXBuildFile; fileRef = BB5A3E89223FD707005D7EE4 /* Main.storyboard */; };
		BB5A3E8D223FD709005D7EE4 /* Assets.xcassets in Resources */ = {isa = PBXBuildFile; fileRef = BB5A3E8C223FD709005D7EE4 /* Assets.xcassets */; };
		BB5A3E90223FD709005D7EE4 /* LaunchScreen.storyboard in Resources */ = {isa = PBXBuildFile; fileRef = BB5A3E8E223FD709005D7EE4 /* LaunchScreen.storyboard */; };
		BB5A3E9B223FD709005D7EE4 /* MaPremiereAppTests.swift in Sources */ = {isa = PBXBuildFile; fileRef = BB5A3E9A223FD709005D7EE4 /* MaPremiereAppTests.swift */; };
/* End PBXBuildFile section */

/* Begin PBXContainerItemProxy section */
		BB5A3E97223FD709005D7EE4 /* PBXContainerItemProxy */ = {
			isa = PBXContainerItemProxy;
			containerPortal = BB5A3E7A223FD706005D7EE4 /* Project object */;
			proxyType = 1;
			remoteGlobalIDString = BB5A3E81223FD706005D7EE4;
			remoteInfo = MaPremiereApp;
		};
/* End PBXContainerItemProxy section */

/* Begin PBXFileReference section */
		BB5A3E82223FD707005D7EE4 /* MaPremiereApp.app */ = {isa = PBXFileReference; explicitFileType = wrapper.application; includeInIndex = 0; path = MaPremiereApp.app; sourceTree = BUILT_PRODUCTS_DIR; };
		BB5A3E85223FD707005D7EE4 /* AppDelegate.swift */ = {isa = PBXFileReference; lastKnownFileType = sourcecode.swift; path = AppDelegate.swift; sourceTree = "<group>"; };
		BB5A3E87223FD707005D7EE4 /* ViewController.swift */ = {isa = PBXFileReference; lastKnownFileType = sourcecode.swift; path = ViewController.swift; sourceTree = "<group>"; };
		BB5A3E8A223FD707005D7EE4 /* Base */ = {isa = PBXFileReference; lastKnownFileType = file.storyboard; name = Base; path = Base.lproj/Main.storyboard; sourceTree = "<group>"; };
		BB5A3E8C223FD709005D7EE4 /* Assets.xcassets */ = {isa = PBXFileReference; lastKnownFileType = folder.assetcatalog; path = Assets.xcassets; sourceTree = "<group>"; };
		BB5A3E8F223FD709005D7EE4 /* Base */ = {isa = PBXFileReference; lastKnownFileType = file.storyboard; name = Base; path = Base.lproj/LaunchScreen.storyboard; sourceTree = "<group>"; };
		BB5A3E91223FD709005D7EE4 /* Info.plist */ = {isa = PBXFileReference; lastKnownFileType = text.plist.xml; path = Info.plist; sourceTree = "<group>"; };
		BB5A3E96223FD709005D7EE4 /* MaPremiereAppTests.xctest */ = {isa = PBXFileReference; explicitFileType = wrapper.cfbundle; includeInIndex = 0; path = MaPremiereAppTests.xctest; sourceTree = BUILT_PRODUCTS_DIR; };
		BB5A3E9A223FD709005D7EE4 /* MaPremiereAppTests.swift */ = {isa = PBXFileReference; lastKnownFileType = sourcecode.swift; path = MaPremiereAppTests.swift; sourceTree = "<group>"; };
		BB5A3E9C223FD709005D7EE4 /* Info.plist */ = {isa = PBXFileReference; lastKnownFileType = text.plist.xml; path = Info.plist; sourceTree = "<group>"; };
/* End PBXFileReference section */

/* Begin PBXFrameworksBuildPhase section */
		BB5A3E7F223FD706005D7EE4 /* Frameworks */ = {
			isa = PBXFrameworksBuildPhase;
			buildActionMask = 2147483647;
			files = (
			);
			runOnlyForDeploymentPostprocessing = 0;
		};
		BB5A3E93223FD709005D7EE4 /* Frameworks */ = {
			isa = PBXFrameworksBuildPhase;
			buildActionMask = 2147483647;
			files = (
			);
			runOnlyForDeploymentPostprocessing = 0;
		};
/* End PBXFrameworksBuildPhase section */

/* Begin PBXGroup section */
		BB5A3E79223FD706005D7EE4 = {
			isa = PBXGroup;
			children = (
				BB5A3E84223FD707005D7EE4 /* MaPremiereApp */,
				BB5A3E99223FD709005D7EE4 /* MaPremiereAppTests */,
				BB5A3E83223FD707005D7EE4 /* Products */,
			);
			sourceTree = "<group>";
		};
		BB5A3E83223FD707005D7EE4 /* Products */ = {
			isa = PBXGroup;
			children = (
				BB5A3E82223FD707005D7EE4 /* MaPremiereApp.app */,
				BB5A3E96223FD709005D7EE4 /* MaPremiereAppTests.xctest */,
			);
			name = Products;
			sourceTree = "<group>";
		};
		BB5A3E84223FD707005D7EE4 /* MaPremiereApp */ = {
			isa = PBXGroup;
			children = (
				BB5A3E85223FD707005D7EE4 /* AppDelegate.swift */,
				BB5A3E87223FD707005D7EE4 /* ViewController.swift */,
				BB5A3E89223FD707005D7EE4 /* Main.storyboard */,
				BB5A3E8C223FD709005D7EE4 /* Assets.xcassets */,
				BB5A3E8E223FD709005D7EE4 /* LaunchScreen.storyboard */,
				BB5A3E91223FD709005D7EE4 /* Info.plist */,
			);
			path = MaPremiereApp;
			sourceTree = "<group>";
		};
		BB5A3E99223FD709005D7EE4 /* MaPremiereAppTests */ = {
			isa = PBXGroup;
			children = (
				BB5A3E9A223FD709005D7EE4 /* MaPremiereAppTests.swift */,
				BB5A3E9C223FD709005D7EE4 /* Info.plist */,
			);
			path = MaPremiereAppTests;
			sourceTree = "<group>";
		};
/* End PBXGroup section */

/* Begin PBXNativeTarget section */
		BB5A3E81223FD706005D7EE4 /* MaPremiereApp */ = {
			isa = PBXNativeTarget;
			buildConfigurationList = BB5A3E9F223FD709005D7EE4 /* Build configuration list for PBXNativeTarget "MaPremiereApp" */;
			buildPhases = (
				BB5A3E7E223FD706005D7EE4 /* Sources */,
				BB5A3E7F223FD706005D7EE4 /* Frameworks */,
				BB5A3E80223FD706005D7EE4 /* Resources */,
			);
			buildRules = (
			);
			dependencies = (
			);
			name = MaPremiereApp;
			productName = MaPremiereApp;
			productReference = BB5A3E82223FD707005D7EE4 /* MaPremiereApp.app */;
			productType = "com.apple.product-type.application";
		};
		BB5A3E95223FD709005D7EE4 /* MaPremiereAppTests */ = {
			isa = PBXNativeTarget;
			buildConfigurationList = BB5A3EA2223FD709005D7EE4 /* Build configuration list for PBXNativeTarget "MaPremiereAppTests" */;
			buildPhases = (
				BB5A3E92223FD709005D7EE4 /* Sources */,
				BB5A3E93223FD709005D7EE4 /* Frameworks */,
				BB5A3E94223FD709005D7EE4 /* Resources */,
			);
			buildRules = (
			);
			dependencies = (
				BB5A3E98223FD709005D7EE4 /* PBXTargetDependency */,
			);
			name = MaPremiereAppTests;
			productName = MaPremiereAppTests;
			productReference = BB5A3E96223FD709005D7EE4 /* MaPremiereAppTests.xctest */;
			productType = "com.apple.product-type.bundle.unit-test";
		};
/* End PBXNativeTarget section */

/* Begin PBXProject section */
		BB5A3E7A223FD706005D7EE4 /* Project object */ = {
			isa = PBXProject;
			attributes = {
				LastSwiftUpdateCheck = 1010;
				LastUpgradeCheck = 1010;
				ORGANIZATIONNAME = "Mickaël Debalme";
				TargetAttributes = {
					BB5A3E81223FD706005D7EE4 = {
						CreatedOnToolsVersion = 10.1;
					};
					BB5A3E95223FD709005D7EE4 = {
						CreatedOnToolsVersion = 10.1;
						TestTargetID = BB5A3E81223FD706005D7EE4;
					};
				};
			};
			buildConfigurationList = BB5A3E7D223FD706005D7EE4 /* Build configuration list for PBXProject "MaPremiereApp" */;
			compatibilityVersion = "Xcode 9.3";
			developmentRegion = en;
			hasScannedForEncodings = 0;
			knownRegions = (
				en,
				Base,
			);
			mainGroup = BB5A3E79223FD706005D7EE4;
			productRefGroup = BB5A3E83223FD707005D7EE4 /* Products */;
			projectDirPath = "";
			projectRoot = "";
			targets = (
				BB5A3E81223FD706005D7EE4 /* MaPremiereApp */,
				BB5A3E95223FD709005D7EE4 /* MaPremiereAppTests */,
			);
		};
/* End PBXProject section */

/* Begin PBXResourcesBuildPhase section */
		BB5A3E80223FD706005D7EE4 /* Resources */ = {
			isa = PBXResourcesBuildPhase;
			buildActionMask = 2147483647;
			files = (
				BB5A3E90223FD709005D7EE4 /* LaunchScreen.storyboard in Resources */,
				BB5A3E8D223FD709005D7EE4 /* Assets.xcassets in Resources */,
				BB5A3E8B223FD707005D7EE4 /* Main.storyboard in Resources */,
			);
			runOnlyForDeploymentPostprocessing = 0;
		};
		BB5A3E94223FD709005D7EE4 /* Resources */ = {
			isa = PBXResourcesBuildPhase;
			buildActionMask = 2147483647;
			files = (
			);
			runOnlyForDeploymentPostprocessing = 0;
		};
/* End PBXResourcesBuildPhase section */

/* Begin PBXSourcesBuildPhase section */
		BB5A3E7E223FD706005D7EE4 /* Sources */ = {
			isa = PBXSourcesBuildPhase;
			buildActionMask = 2147483647;
			files = (
				BB5A3E88223FD707005D7EE4 /* ViewController.swift in Sources */,
				BB5A3E86223FD707005D7EE4 /* AppDelegate.swift in Sources */,
			);
			runOnlyForDeploymentPostprocessing = 0;
		};
		BB5A3E92223FD709005D7EE4 /* Sources */ = {
			isa = PBXSourcesBuildPhase;
			buildActionMask = 2147483647;
			files = (
				BB5A3E9B223FD709005D7EE4 /* MaPremiereAppTests.swift in Sources */,
			);
			runOnlyForDeploymentPostprocessing = 0;
		};
/* End PBXSourcesBuildPhase section */

/* Begin PBXTargetDependency section */
		BB5A3E98223FD709005D7EE4 /* PBXTargetDependency */ = {
			isa = PBXTargetDependency;
			target = BB5A3E81223FD706005D7EE4 /* MaPremiereApp */;
			targetProxy = BB5A3E97223FD709005D7EE4 /* PBXContainerItemProxy */;
		};
/* End PBXTargetDependency section */

/* Begin PBXVariantGroup section */
		BB5A3E89223FD707005D7EE4 /* Main.storyboard */ = {
			isa = PBXVariantGroup;
			children = (
				BB5A3E8A223FD707005D7EE4 /* Base */,
			);
			name = Main.storyboard;
			sourceTree = "<group>";
		};
		BB5A3E8E223FD709005D7EE4 /* LaunchScreen.storyboard */ = {
			isa = PBXVariantGroup;
			children = (
				BB5A3E8F223FD709005D7EE4 /* Base */,
			);
			name = LaunchScreen.storyboard;
			sourceTree = "<group>";
		};
/* End PBXVariantGroup section */

/* Begin XCBuildConfiguration section */
		BB5A3E9D223FD709005D7EE4 /* Debug */ = {
			isa = XCBuildConfiguration;
			buildSettings = {
				ALWAYS_SEARCH_USER_PATHS = NO;
				CLANG_ANALYZER_NONNULL = YES;
				CLANG_ANALYZER_NUMBER_OBJECT_CONVERSION = YES_AGGRESSIVE;
				CLANG_CXX_LANGUAGE_STANDARD = "gnu++14";
				CLANG_CXX_LIBRARY = "libc++";
				CLANG_ENABLE_MODULES = YES;
				CLANG_ENABLE_OBJC_ARC = YES;
				CLANG_ENABLE_OBJC_WEAK = YES;
				CLANG_WARN_BLOCK_CAPTURE_AUTORELEASING = YES;
				CLANG_WARN_BOOL_CONVERSION = YES;
				CLANG_WARN_COMMA = YES;
				CLANG_WARN_CONSTANT_CONVERSION = YES;
				CLANG_WARN_DEPRECATED_OBJC_IMPLEMENTATIONS = YES;
				CLANG_WARN_DIRECT_OBJC_ISA_USAGE = YES_ERROR;
				CLANG_WARN_DOCUMENTATION_COMMENTS = YES;
				CLANG_WARN_EMPTY_BODY = YES;
				CLANG_WARN_ENUM_CONVERSION = YES;
				CLANG_WARN_INFINITE_RECURSION = YES;
				CLANG_WARN_INT_CONVERSION = YES;
				CLANG_WARN_NON_LITERAL_NULL_CONVERSION = YES;
				CLANG_WARN_OBJC_IMPLICIT_RETAIN_SELF = YES;
				CLANG_WARN_OBJC_LITERAL_CONVERSION = YES;
				CLANG_WARN_OBJC_ROOT_CLASS = YES_ERROR;
				CLANG_WARN_RANGE_LOOP_ANALYSIS = YES;
				CLANG_WARN_STRICT_PROTOTYPES = YES;
				CLANG_WARN_SUSPICIOUS_MOVE = YES;
				CLANG_WARN_UNGUARDED_AVAILABILITY = YES_AGGRESSIVE;
				CLANG_WARN_UNREACHABLE_CODE = YES;
				CLANG_WARN__DUPLICATE_METHOD_MATCH = YES;
				CODE_SIGN_IDENTITY = "iPhone Developer";
				COPY_PHASE_STRIP = NO;
				DEBUG_INFORMATION_FORMAT = dwarf;
				ENABLE_STRICT_OBJC_MSGSEND = YES;
				ENABLE_TESTABILITY = YES;
				GCC_C_LANGUAGE_STANDARD = gnu11;
				GCC_DYNAMIC_NO_PIC = NO;
				GCC_NO_COMMON_BLOCKS = YES;
				GCC_OPTIMIZATION_LEVEL = 0;
				GCC_PREPROCESSOR_DEFINITIONS = (
					"DEBUG=1",
					"$(inherited)",
				);
				GCC_WARN_64_TO_32_BIT_CONVERSION = YES;
				GCC_WARN_ABOUT_RETURN_TYPE = YES_ERROR;
				GCC_WARN_UNDECLARED_SELECTOR = YES;
				GCC_WARN_UNINITIALIZED_AUTOS = YES_AGGRESSIVE;
				GCC_WARN_UNUSED_FUNCTION = YES;
				GCC_WARN_UNUSED_VARIABLE = YES;
				IPHONEOS_DEPLOYMENT_TARGET = 12.1;
				MTL_ENABLE_DEBUG_INFO = INCLUDE_SOURCE;
				MTL_FAST_MATH = YES;
				ONLY_ACTIVE_ARCH = YES;
				SDKROOT = iphoneos;
				SWIFT_ACTIVE_COMPILATION_CONDITIONS = DEBUG;
				SWIFT_OPTIMIZATION_LEVEL = "-Onone";
			};
			name = Debug;
		};
		BB5A3E9E223FD709005D7EE4 /* Release */ = {
			isa = XCBuildConfiguration;
			buildSettings = {
				ALWAYS_SEARCH_USER_PATHS = NO;
				CLANG_ANALYZER_NONNULL = YES;
				CLANG_ANALYZER_NUMBER_OBJECT_CONVERSION = YES_AGGRESSIVE;
				CLANG_CXX_LANGUAGE_STANDARD = "gnu++14";
				CLANG_CXX_LIBRARY = "libc++";
				CLANG_ENABLE_MODULES = YES;
				CLANG_ENABLE_OBJC_ARC = YES;
				CLANG_ENABLE_OBJC_WEAK = YES;
				CLANG_WARN_BLOCK_CAPTURE_AUTORELEASING = YES;
				CLANG_WARN_BOOL_CONVERSION = YES;
				CLANG_WARN_COMMA = YES;
				CLANG_WARN_CONSTANT_CONVERSION = YES;
				CLANG_WARN_DEPRECATED_OBJC_IMPLEMENTATIONS = YES;
				CLANG_WARN_DIRECT_OBJC_ISA_USAGE = YES_ERROR;
				CLANG_WARN_DOCUMENTATION_COMMENTS = YES;
				CLANG_WARN_EMPTY_BODY = YES;
				CLANG_WARN_ENUM_CONVERSION = YES;
				CLANG_WARN_INFINITE_RECURSION = YES;
				CLANG_WARN_INT_CONVERSION = YES;
				CLANG_WARN_NON_LITERAL_NULL_CONVERSION = YES;
				CLANG_WARN_OBJC_IMPLICIT_RETAIN_SELF = YES;
				CLANG_WARN_OBJC_LITERAL_CONVERSION = YES;
				CLANG_WARN_OBJC_ROOT_CLASS = YES_ERROR;
				CLANG_WARN_RANGE_LOOP_ANALYSIS = YES;
				CLANG_WARN_STRICT_PROTOTYPES = YES;
				CLANG_WARN_SUSPICIOUS_MOVE = YES;
				CLANG_WARN_UNGUARDED_AVAILABILITY = YES_AGGRESSIVE;
				CLANG_WARN_UNREACHABLE_CODE = YES;
				CLANG_WARN__DUPLICATE_METHOD_MATCH = YES;
				CODE_SIGN_IDENTITY = "iPhone Developer";
				COPY_PHASE_STRIP = NO;
				DEBUG_INFORMATION_FORMAT = "dwarf-with-dsym";
				ENABLE_NS_ASSERTIONS = NO;
				ENABLE_STRICT_OBJC_MSGSEND = YES;
				GCC_C_LANGUAGE_STANDARD = gnu11;
				GCC_NO_COMMON_BLOCKS = YES;
				GCC_WARN_64_TO_32_BIT_CONVERSION = YES;
				GCC_WARN_ABOUT_RETURN_TYPE = YES_ERROR;
				GCC_WARN_UNDECLARED_SELECTOR = YES;
				GCC_WARN_UNINITIALIZED_AUTOS = YES_AGGRESSIVE;
				GCC_WARN_UNUSED_FUNCTION = YES;
				GCC_WARN_UNUSED_VARIABLE = YES;
				IPHONEOS_DEPLOYMENT_TARGET = 12.1;
				MTL_ENABLE_DEBUG_INFO = NO;
				MTL_FAST_MATH = YES;
				SDKROOT = iphoneos;
				SWIFT_COMPILATION_MODE = wholemodule;
				SWIFT_OPTIMIZATION_LEVEL = "-O";
				VALIDATE_PRODUCT = YES;
			};
			name = Release;
		};
		BB5A3EA0223FD709005D7EE4 /* Debug */ = {
			isa = XCBuildConfiguration;
			buildSettings = {
				ASSETCATALOG_COMPILER_APPICON_NAME = AppIcon;
				CODE_SIGN_STYLE = Automatic;
				INFOPLIST_FILE = MaPremiereApp/Info.plist;
				LD_RUNPATH_SEARCH_PATHS = (
					"$(inherited)",
					"@executable_path/Frameworks",
				);
				PRODUCT_BUNDLE_IDENTIFIER = com.mickaeldebalme.MaPremiereApp;
				PRODUCT_NAME = "$(TARGET_NAME)";
				SWIFT_VERSION = 4.2;
				TARGETED_DEVICE_FAMILY = "1,2";
			};
			name = Debug;
		};
		BB5A3EA1223FD709005D7EE4 /* Release */ = {
			isa = XCBuildConfiguration;
			buildSettings = {
				ASSETCATALOG_COMPILER_APPICON_NAME = AppIcon;
				CODE_SIGN_STYLE = Automatic;
				INFOPLIST_FILE = MaPremiereApp/Info.plist;
				LD_RUNPATH_SEARCH_PATHS = (
					"$(inherited)",
					"@executable_path/Frameworks",
				);
				PRODUCT_BUNDLE_IDENTIFIER = com.mickaeldebalme.MaPremiereApp;
				PRODUCT_NAME = "$(TARGET_NAME)";
				SWIFT_VERSION = 4.2;
				TARGETED_DEVICE_FAMILY = "1,2";
			};
			name = Release;
		};
		BB5A3EA3223FD709005D7EE4 /* Debug */ = {
			isa = XCBuildConfiguration;
			buildSettings = {
				ALWAYS_EMBED_SWIFT_STANDARD_LIBRARIES = YES;
				BUNDLE_LOADER = "$(TEST_HOST)";
				CODE_SIGN_STYLE = Automatic;
				INFOPLIST_FILE = MaPremiereAppTests/Info.plist;
				LD_RUNPATH_SEARCH_PATHS = (
					"$(inherited)",
					"@executable_path/Frameworks",
					"@loader_path/Frameworks",
				);
				PRODUCT_BUNDLE_IDENTIFIER = com.mickaeldebalme.MaPremiereAppTests;
				PRODUCT_NAME = "$(TARGET_NAME)";
				SWIFT_VERSION = 4.2;
				TARGETED_DEVICE_FAMILY = "1,2";
				TEST_HOST = "$(BUILT_PRODUCTS_DIR)/MaPremiereApp.app/MaPremiereApp";
			};
			name = Debug;
		};
		BB5A3EA4223FD709005D7EE4 /* Release */ = {
			isa = XCBuildConfiguration;
			buildSettings = {
				ALWAYS_EMBED_SWIFT_STANDARD_LIBRARIES = YES;
				BUNDLE_LOADER = "$(TEST_HOST)";
				CODE_SIGN_STYLE = Automatic;
				INFOPLIST_FILE = MaPremiereAppTests/Info.plist;
				LD_RUNPATH_SEARCH_PATHS = (
					"$(inherited)",
					"@executable_path/Frameworks",
					"@loader_path/Frameworks",
				);
				PRODUCT_BUNDLE_IDENTIFIER = com.mickaeldebalme.MaPremiereAppTests;
				PRODUCT_NAME = "$(TARGET_NAME)";
				SWIFT_VERSION = 4.2;
				TARGETED_DEVICE_FAMILY = "1,2";
				TEST_HOST = "$(BUILT_PRODUCTS_DIR)/MaPremiereApp.app/MaPremiereApp";
			};
			name = Release;
		};
/* End XCBuildConfiguration section */

/* Begin XCConfigurationList section */
		BB5A3E7D223FD706005D7EE4 /* Build configuration list for PBXProject "MaPremiereApp" */ = {
			isa = XCConfigurationList;
			buildConfigurations = (
				BB5A3E9D223FD709005D7EE4 /* Debug */,
				BB5A3E9E223FD709005D7EE4 /* Release */,
			);
			defaultConfigurationIsVisible = 0;
			defaultConfigurationName = Release;
		};
		BB5A3E9F223FD709005D7EE4 /* Build configuration list for PBXNativeTarget "MaPremiereApp" */ = {
			isa = XCConfigurationList;
			buildConfigurations = (
				BB5A3EA0223FD709005D7EE4 /* Debug */,
				BB5A3EA1223FD709005D7EE4 /* Release */,
			);
			defaultConfigurationIsVisible = 0;
			defaultConfigurationName = Release;
		};
		BB5A3EA2223FD709005D7EE4 /* Build configuration list for PBXNativeTarget "MaPremiereAppTests" */ = {
			isa = XCConfigurationList;
			buildConfigurations = (
				BB5A3EA3223FD709005D7EE4 /* Debug */,
				BB5A3EA4223FD709005D7EE4 /* Release */,
			);
			defaultConfigurationIsVisible = 0;
			defaultConfigurationName = Release;
		};
/* End XCConfigurationList section */
	};
	rootObject = BB5A3E7A223FD706005D7EE4 /* Project object */;
}
